
Microsoft Visual Studio Solution File, Format Version 12.00
# Visual Studio Version 16
VisualStudioVersion = 16.0.30413.136
MinimumVisualStudioVersion = 10.0.40219.1
Project("{FAE04EC0-301F-11D3-BF4B-00C04F79EFBC}") = "Variant4EmVlad", "Variant4EmVlad.csproj", "{1030D3E2-1BDE-4CFF-BF70-2946CD9A5A19}"
EndProject
Global
	GlobalSection(SolutionConfigurationPlatforms) = preSolution
		Debug|Any CPU = Debug|Any CPU
		Release|Any CPU = Release|Any CPU
	EndGlobalSection
	GlobalSection(ProjectConfigurationPlatforms) = postSolution
		{1030D3E2-1BDE-4CFF-BF70-2946CD9A5A19}.Debug|Any CPU.ActiveCfg = Debug|Any CPU
		{1030D3E2-1BDE-4CFF-BF70-2946CD9A5A19}.Debug|Any CPU.Build.0 = Debug|Any CPU
		{1030D3E2-1BDE-4CFF-BF70-2946CD9A5A19}.Release|Any CPU.ActiveCfg = Release|Any CPU
		{1030D3E2-1BDE-4CFF-BF70-2946CD9A5A19}.Release|Any CPU.Build.0 = Release|Any CPU
	EndGlobalSection
	GlobalSection(SolutionProperties) = preSolution
		HideSolutionNode = FALSE
	EndGlobalSection
	GlobalSection(ExtensibilityGlobals) = postSolution
		SolutionGuid = {CC0F6DF3-C6EA-45CB-A40C-33FC334A83DE}
	EndGlobalSection
EndGlobal
